{
  "name": "east8th.nyc",
  "version": "1.0.0",
  "lockfileVersion": 3,
  "requires": true,
  "packages": {
    "": {
      "name": "east8th.nyc",
      "version": "1.0.0",
      "license": "ISC",
      "dependencies": {
        "kensington": "^2.0.0-signals.23"
      }
    },
    "node_modules/csstype": {
      "version": "3.2.3",
      "resolved": "https://registry.npmjs.org/csstype/-/csstype-3.2.3.tgz",
      "integrity": "sha512-z1HGKcYy2xA8AGQfwrn0PAy+PB7X/GSj3UVJW9qKyn43xWa+gl5nXmU4qqLMRzWVLFC8KusUX8T/0kCiOYpAIQ==",
      "license": "MIT"
    },
    "node_modules/entities": {
      "version": "8.0.0",
      "resolved": "https://registry.npmjs.org/entities/-/entities-8.0.0.tgz",
      "integrity": "sha512-zwfzJecQ/Uej6tusMqwAqU/6KL2XaB2VZ2Jg54Je6ahNBGNH6Ek6g3jjNCF0fG9EWQKGZNddNjU5F1ZQn/sBnA==",
      "license": "BSD-2-Clause",
      "engines": {
        "node": ">=20.19.0"
      },
      "funding": {
        "url": "https://github.com/fb55/entities?sponsor=1"
      }
    },
    "node_modules/kensington": {
      "version": "2.0.0-signals.23",
      "resolved": "https://registry.npmjs.org/kensington/-/kensington-2.0.0-signals.23.tgz",
      "integrity": "sha512-KsiTrYnEUB0143KWZOH97bQij+uh0Mellt6pOOvHtgjUb38KWFE72YOeOoBJjXw6hq7o3jVtCVczQWfNd1ib9A==",
      "hasInstallScript": true,
      "license": "ISC",
      "dependencies": {
        "csstype": "^3.2.3",
        "parse5": "^8.0.1"
      },
      "bin": {
        "kensington": "bin/html-to-kensington.js"
      },
      "engines": {
        "node": ">=18"
      },
      "peerDependencies": {
        "acorn": "^8.0.0",
        "better-sqlite3": "^11.0.0",
        "magic-string": "^0.30.0",
        "ws": "^8.0.0"
      },
      "peerDependenciesMeta": {
        "acorn": {
          "optional": true
        },
        "better-sqlite3": {
          "optional": true
        },
        "magic-string": {
          "optional": true
        },
        "ws": {
          "optional": true
        }
      }
    },
    "node_modules/parse5": {
      "version": "8.0.1",
      "resolved": "https://registry.npmjs.org/parse5/-/parse5-8.0.1.tgz",
      "integrity": "sha512-z1e/HMG90obSGeidlli3hj7cbocou0/wa5HacvI3ASx34PecNjNQeaHNo5WIZpWofN9kgkqV1q5YvXe3F0FoPw==",
      "license": "MIT",
      "dependencies": {
        "entities": "^8.0.0"
      },
      "funding": {
        "url": "https://github.com/inikulin/parse5?sponsor=1"
      }
    }
  }
}
